
Microsoft Visual Studio Solution File, Format Version 12.00
# Visual Studio 15
VisualStudioVersion = 15.0.28307.421
MinimumVisualStudioVersion = 10.0.40219.1
Project("{FAE04EC0-301F-11D3-BF4B-00C04F79EFBC}") = "HWThread", "HWThread\HWThread.csproj", "{65321AA8-89EC-42BB-B15D-72716D127074}"
EndProject
Global
	GlobalSection(SolutionConfigurationPlatforms) = preSolution
		Debug|Any CPU = Debug|Any CPU
		Release|Any CPU = Release|Any CPU
	EndGlobalSection
	GlobalSection(ProjectConfigurationPlatforms) = postSolution
		{65321AA8-89EC-42BB-B15D-72716D127074}.Debug|Any CPU.ActiveCfg = Debug|Any CPU
		{65321AA8-89EC-42BB-B15D-72716D127074}.Debug|Any CPU.Build.0 = Debug|Any CPU
		{65321AA8-89EC-42BB-B15D-72716D127074}.Release|Any CPU.ActiveCfg = Release|Any CPU
		{65321AA8-89EC-42BB-B15D-72716D127074}.Release|Any CPU.Build.0 = Release|Any CPU
	EndGlobalSection
	GlobalSection(SolutionProperties) = preSolution
		HideSolutionNode = FALSE
	EndGlobalSection
	GlobalSection(ExtensibilityGlobals) = postSolution
		SolutionGuid = {A07BB21B-705C-40F0-A02E-B927A8CB50A1}
	EndGlobalSection
EndGlobal
